
Microsoft Visual Studio Solution File, Format Version 12.00
# Visual Studio 2013
VisualStudioVersion = 12.0.21005.1
MinimumVisualStudioVersion = 10.0.40219.1
Project("{FAE04EC0-301F-11D3-BF4B-00C04F79EFBC}") = "NancyFxDemo.Modules", "NancyFxDemo.Modules\NancyFxDemo.Modules.csproj", "{AFD6224F-85E8-4585-ABA0-D7947CB2B654}"
EndProject
Project("{FAE04EC0-301F-11D3-BF4B-00C04F79EFBC}") = "NancyFxDemo.Views", "NancyFxDemo.Views\NancyFxDemo.Views.csproj", "{A3CD5373-410A-44D8-86C5-7C19EE228B96}"
EndProject
Project("{FAE04EC0-301F-11D3-BF4B-00C04F79EFBC}") = "NancyFxDemo.SelfHost", "NancyFxDemo.SelfHost\NancyFxDemo.SelfHost.csproj", "{44B6A99F-A2F3-45AF-A105-F8E2915D7E3C}"
EndProject
Project("{FAE04EC0-301F-11D3-BF4B-00C04F79EFBC}") = "NancyFxDemo.Tests", "NancyFxDemo.Tests\NancyFxDemo.Tests.csproj", "{29F52073-411D-437B-AA66-5C8837D9A25B}"
EndProject
Global
	GlobalSection(SolutionConfigurationPlatforms) = preSolution
		Debug|Any CPU = Debug|Any CPU
		Release|Any CPU = Release|Any CPU
	EndGlobalSection
	GlobalSection(ProjectConfigurationPlatforms) = postSolution
		{AFD6224F-85E8-4585-ABA0-D7947CB2B654}.Debug|Any CPU.ActiveCfg = Debug|Any CPU
		{AFD6224F-85E8-4585-ABA0-D7947CB2B654}.Debug|Any CPU.Build.0 = Debug|Any CPU
		{AFD6224F-85E8-4585-ABA0-D7947CB2B654}.Release|Any CPU.ActiveCfg = Release|Any CPU
		{AFD6224F-85E8-4585-ABA0-D7947CB2B654}.Release|Any CPU.Build.0 = Release|Any CPU
		{A3CD5373-410A-44D8-86C5-7C19EE228B96}.Debug|Any CPU.ActiveCfg = Debug|Any CPU
		{A3CD5373-410A-44D8-86C5-7C19EE228B96}.Debug|Any CPU.Build.0 = Debug|Any CPU
		{A3CD5373-410A-44D8-86C5-7C19EE228B96}.Release|Any CPU.ActiveCfg = Release|Any CPU
		{A3CD5373-410A-44D8-86C5-7C19EE228B96}.Release|Any CPU.Build.0 = Release|Any CPU
		{44B6A99F-A2F3-45AF-A105-F8E2915D7E3C}.Debug|Any CPU.ActiveCfg = Debug|Any CPU
		{44B6A99F-A2F3-45AF-A105-F8E2915D7E3C}.Debug|Any CPU.Build.0 = Debug|Any CPU
		{44B6A99F-A2F3-45AF-A105-F8E2915D7E3C}.Release|Any CPU.ActiveCfg = Release|Any CPU
		{44B6A99F-A2F3-45AF-A105-F8E2915D7E3C}.Release|Any CPU.Build.0 = Release|Any CPU
		{29F52073-411D-437B-AA66-5C8837D9A25B}.Debug|Any CPU.ActiveCfg = Debug|Any CPU
		{29F52073-411D-437B-AA66-5C8837D9A25B}.Debug|Any CPU.Build.0 = Debug|Any CPU
		{29F52073-411D-437B-AA66-5C8837D9A25B}.Release|Any CPU.ActiveCfg = Release|Any CPU
		{29F52073-411D-437B-AA66-5C8837D9A25B}.Release|Any CPU.Build.0 = Release|Any CPU
	EndGlobalSection
	GlobalSection(SolutionProperties) = preSolution
		HideSolutionNode = FALSE
	EndGlobalSection
EndGlobal
